
Microsoft Visual Studio Solution File, Format Version 12.00
# Visual Studio 15
VisualStudioVersion = 15.0.26730.16
MinimumVisualStudioVersion = 10.0.40219.1
Project("{FAE04EC0-301F-11D3-BF4B-00C04F79EFBC}") = "SorteringSammenligner", "SorteringSammenligner\SorteringSammenligner.csproj", "{F8AC5CEF-8D38-4F86-A029-0EC841FB11F1}"
EndProject
Global
	GlobalSection(SolutionConfigurationPlatforms) = preSolution
		Debug|Any CPU = Debug|Any CPU
		Release|Any CPU = Release|Any CPU
	EndGlobalSection
	GlobalSection(ProjectConfigurationPlatforms) = postSolution
		{F8AC5CEF-8D38-4F86-A029-0EC841FB11F1}.Debug|Any CPU.ActiveCfg = Debug|Any CPU
		{F8AC5CEF-8D38-4F86-A029-0EC841FB11F1}.Debug|Any CPU.Build.0 = Debug|Any CPU
		{F8AC5CEF-8D38-4F86-A029-0EC841FB11F1}.Release|Any CPU.ActiveCfg = Release|Any CPU
		{F8AC5CEF-8D38-4F86-A029-0EC841FB11F1}.Release|Any CPU.Build.0 = Release|Any CPU
	EndGlobalSection
	GlobalSection(SolutionProperties) = preSolution
		HideSolutionNode = FALSE
	EndGlobalSection
	GlobalSection(ExtensibilityGlobals) = postSolution
		SolutionGuid = {367A3A22-FC1E-4182-A388-BEFBC9B8AB19}
	EndGlobalSection
EndGlobal
